{
  "name": "todo",
  "lockfileVersion": 2,
  "requires": true,
  "packages": {
    "": {
      "dependencies": {
        "@angular/material": "^14.1.2",
        "guid-typescript": "^1.0.9",
        "material-icons": "^1.11.10",
        "materialize-css": "^1.0.0"
      }
    },
    "node_modules/@angular/animations": {
      "version": "14.1.3",
      "resolved": "https://registry.npmjs.org/@angular/animations/-/animations-14.1.3.tgz",
      "integrity": "sha512-AmnrsRWJxlIQPnnef3MCo9N7bbFmEWvyyDPB8z4UOYDqBwRBHnDn5g1rrVQzLJH7I1O2DLcm/EhWYJrfagQ2aQ==",
      "peer": true,
      "dependencies": {
        "tslib": "^2.3.0"
      },
      "engines": {
        "node": "^14.15.0 || >=16.10.0"
      },
      "peerDependencies": {
        "@angular/core": "14.1.3"
      }
    },
    "node_modules/@angular/cdk": {
      "version": "14.1.2",
      "resolved": "https://registry.npmjs.org/@angular/cdk/-/cdk-14.1.2.tgz",
      "integrity": "sha512-hJMhQmWWXTgwUa51OvEUgSATduEILCmGXpbsvC+REMMOo9rTd3u+cfrJW9OKl7Weq86VhKQ0WSfbn3MVyhUVBg==",
      "peer": true,
      "dependencies": {
        "tslib": "^2.3.0"
      },
      "optionalDependencies": {
        "parse5": "^5.0.0"
      },
      "peerDependencies": {
        "@angular/common": "^14.0.0 || ^15.0.0",
        "@angular/core": "^14.0.0 || ^15.0.0",
        "rxjs": "^6.5.3 || ^7.4.0"
      }
    },
    "node_modules/@angular/common": {
      "version": "14.1.3",
      "resolved": "https://registry.npmjs.org/@angular/common/-/common-14.1.3.tgz",
      "integrity": "sha512-t5zidNLcQrgrShBFFsEhvJ6yKw5jwv/Td/AQrknQzrAz3kVBH4dOZGC5jolasFipy/P1DNoG2K+igPCGeskc4w==",
      "peer": true,
      "dependencies": {
        "tslib": "^2.3.0"
      },
      "engines": {
        "node": "^14.15.0 || >=16.10.0"
      },
      "peerDependencies": {
        "@angular/core": "14.1.3",
        "rxjs": "^6.5.3 || ^7.4.0"
      }
    },
    "node_modules/@angular/core": {
      "version": "14.1.3",
      "resolved": "https://registry.npmjs.org/@angular/core/-/core-14.1.3.tgz",
      "integrity": "sha512-V3OJD4cShjLzyJAWQ1ogSW0WhKJwti5zsoT1SQ2RoA5UScBPzZN/F/0n/4IupHeaIC+NfaLX916xKTGWA8G8SQ==",
      "peer": true,
      "dependencies": {
        "tslib": "^2.3.0"
      },
      "engines": {
        "node": "^14.15.0 || >=16.10.0"
      },
      "peerDependencies": {
        "rxjs": "^6.5.3 || ^7.4.0",
        "zone.js": "~0.11.4"
      }
    },
    "node_modules/@angular/forms": {
      "version": "14.1.3",
      "resolved": "https://registry.npmjs.org/@angular/forms/-/forms-14.1.3.tgz",
      "integrity": "sha512-gCN3my9KRp6BLlBGh4uw8NukUPKCl+quroMO2lkvsodF0MA42uhKHO+EImrpLxNMK7lfENIERwthb4mh4G4cFQ==",
      "peer": true,
      "dependencies": {
        "tslib": "^2.3.0"
      },
      "engines": {
        "node": "^14.15.0 || >=16.10.0"
      },
      "peerDependencies": {
        "@angular/common": "14.1.3",
        "@angular/core": "14.1.3",
        "@angular/platform-browser": "14.1.3",
        "rxjs": "^6.5.3 || ^7.4.0"
      }
    },
    "node_modules/@angular/material": {
      "version": "14.1.2",
      "resolved": "https://registry.npmjs.org/@angular/material/-/material-14.1.2.tgz",
      "integrity": "sha512-riDaeOFF+fzjOxeWlqtVAT7lHlqoyzxE24Z7r7qyYriU+EndfEfOv9XQFup5BkqvDvzN9My+1vI562caWM3nfQ==",
      "dependencies": {
        "tslib": "^2.3.0"
      },
      "peerDependencies": {
        "@angular/animations": "^14.0.0 || ^15.0.0",
        "@angular/cdk": "14.1.2",
        "@angular/common": "^14.0.0 || ^15.0.0",
        "@angular/core": "^14.0.0 || ^15.0.0",
        "@angular/forms": "^14.0.0 || ^15.0.0",
        "@angular/platform-browser": "^14.0.0 || ^15.0.0",
        "rxjs": "^6.5.3 || ^7.4.0"
      }
    },
    "node_modules/@angular/platform-browser": {
      "version": "14.1.3",
      "resolved": "https://registry.npmjs.org/@angular/platform-browser/-/platform-browser-14.1.3.tgz",
      "integrity": "sha512-baEHBj2pCrz5XR9KCb2FaAChWsRrxl9yapDZFNpApucN/OlQpBDVA9UDDvaYeD3PsI8nVL3B6danKUloamd+pw==",
      "peer": true,
      "dependencies": {
        "tslib": "^2.3.0"
      },
      "engines": {
        "node": "^14.15.0 || >=16.10.0"
      },
      "peerDependencies": {
        "@angular/animations": "14.1.3",
        "@angular/common": "14.1.3",
        "@angular/core": "14.1.3"
      },
      "peerDependenciesMeta": {
        "@angular/animations": {
          "optional": true
        }
      }
    },
    "node_modules/guid-typescript": {
      "version": "1.0.9",
      "resolved": "https://registry.npmjs.org/guid-typescript/-/guid-typescript-1.0.9.tgz",
      "integrity": "sha512-Y8T4vYhEfwJOTbouREvG+3XDsjr8E3kIr7uf+JZ0BYloFsttiHU0WfvANVsR7TxNUJa/WpCnw/Ino/p+DeBhBQ=="
    },
    "node_modules/material-icons": {
      "version": "1.11.10",
      "resolved": "https://registry.npmjs.org/material-icons/-/material-icons-1.11.10.tgz",
      "integrity": "sha512-1nGlVYwH98BQGSoxHf1QCCDll6AmnkxuATjTHREvy8BSEc6EfRkvcsQwEmSgAY7qcKLV3Ip81u9YEiH/sjQgkg=="
    },
    "node_modules/materialize-css": {
      "version": "1.0.0",
      "resolved": "https://registry.npmjs.org/materialize-css/-/materialize-css-1.0.0.tgz",
      "integrity": "sha512-4/oecXl8y/1i8RDZvyvwAICyqwNoKU4or5uf8uoAd74k76KzZ0Llym4zhJ5lLNUskcqjO0AuMcvNyDkpz8Z6zw=="
    },
    "node_modules/parse5": {
      "version": "5.1.1",
      "resolved": "https://registry.npmjs.org/parse5/-/parse5-5.1.1.tgz",
      "integrity": "sha512-ugq4DFI0Ptb+WWjAdOK16+u/nHfiIrcE+sh8kZMaM0WllQKLI9rOUq6c2b7cwPkXdzfQESqvoqK6ug7U/Yyzug==",
      "optional": true,
      "peer": true
    },
    "node_modules/rxjs": {
      "version": "7.5.6",
      "resolved": "https://registry.npmjs.org/rxjs/-/rxjs-7.5.6.tgz",
      "integrity": "sha512-dnyv2/YsXhnm461G+R/Pe5bWP41Nm6LBXEYWI6eiFP4fiwx6WRI/CD0zbdVAudd9xwLEF2IDcKXLHit0FYjUzw==",
      "peer": true,
      "dependencies": {
        "tslib": "^2.1.0"
      }
    },
    "node_modules/tslib": {
      "version": "2.4.0",
      "resolved": "https://registry.npmjs.org/tslib/-/tslib-2.4.0.tgz",
      "integrity": "sha512-d6xOpEDfsi2CZVlPQzGeux8XMwLT9hssAsaPYExaQMuYskwb+x1x7J371tWlbBdWHroy99KnVB6qIkUbs5X3UQ=="
    },
    "node_modules/zone.js": {
      "version": "0.11.8",
      "resolved": "https://registry.npmjs.org/zone.js/-/zone.js-0.11.8.tgz",
      "integrity": "sha512-82bctBg2hKcEJ21humWIkXRlLBBmrc3nN7DFh5LGGhcyycO2S7FN8NmdvlcKaGFDNVL4/9kFLmwmInTavdJERA==",
      "peer": true,
      "dependencies": {
        "tslib": "^2.3.0"
      }
    }
  },
  "dependencies": {
    "@angular/animations": {
      "version": "14.1.3",
      "resolved": "https://registry.npmjs.org/@angular/animations/-/animations-14.1.3.tgz",
      "integrity": "sha512-AmnrsRWJxlIQPnnef3MCo9N7bbFmEWvyyDPB8z4UOYDqBwRBHnDn5g1rrVQzLJH7I1O2DLcm/EhWYJrfagQ2aQ==",
      "peer": true,
      "requires": {
        "tslib": "^2.3.0"
      }
    },
    "@angular/cdk": {
      "version": "14.1.2",
      "resolved": "https://registry.npmjs.org/@angular/cdk/-/cdk-14.1.2.tgz",
      "integrity": "sha512-hJMhQmWWXTgwUa51OvEUgSATduEILCmGXpbsvC+REMMOo9rTd3u+cfrJW9OKl7Weq86VhKQ0WSfbn3MVyhUVBg==",
      "peer": true,
      "requires": {
        "parse5": "^5.0.0",
        "tslib": "^2.3.0"
      }
    },
    "@angular/common": {
      "version": "14.1.3",
      "resolved": "https://registry.npmjs.org/@angular/common/-/common-14.1.3.tgz",
      "integrity": "sha512-t5zidNLcQrgrShBFFsEhvJ6yKw5jwv/Td/AQrknQzrAz3kVBH4dOZGC5jolasFipy/P1DNoG2K+igPCGeskc4w==",
      "peer": true,
      "requires": {
        "tslib": "^2.3.0"
      }
    },
    "@angular/core": {
      "version": "14.1.3",
      "resolved": "https://registry.npmjs.org/@angular/core/-/core-14.1.3.tgz",
      "integrity": "sha512-V3OJD4cShjLzyJAWQ1ogSW0WhKJwti5zsoT1SQ2RoA5UScBPzZN/F/0n/4IupHeaIC+NfaLX916xKTGWA8G8SQ==",
      "peer": true,
      "requires": {
        "tslib": "^2.3.0"
      }
    },
    "@angular/forms": {
      "version": "14.1.3",
      "resolved": "https://registry.npmjs.org/@angular/forms/-/forms-14.1.3.tgz",
      "integrity": "sha512-gCN3my9KRp6BLlBGh4uw8NukUPKCl+quroMO2lkvsodF0MA42uhKHO+EImrpLxNMK7lfENIERwthb4mh4G4cFQ==",
      "peer": true,
      "requires": {
        "tslib": "^2.3.0"
      }
    },
    "@angular/material": {
      "version": "14.1.2",
      "resolved": "https://registry.npmjs.org/@angular/material/-/material-14.1.2.tgz",
      "integrity": "sha512-riDaeOFF+fzjOxeWlqtVAT7lHlqoyzxE24Z7r7qyYriU+EndfEfOv9XQFup5BkqvDvzN9My+1vI562caWM3nfQ==",
      "requires": {
        "tslib": "^2.3.0"
      }
    },
    "@angular/platform-browser": {
      "version": "14.1.3",
      "resolved": "https://registry.npmjs.org/@angular/platform-browser/-/platform-browser-14.1.3.tgz",
      "integrity": "sha512-baEHBj2pCrz5XR9KCb2FaAChWsRrxl9yapDZFNpApucN/OlQpBDVA9UDDvaYeD3PsI8nVL3B6danKUloamd+pw==",
      "peer": true,
      "requires": {
        "tslib": "^2.3.0"
      }
    },
    "guid-typescript": {
      "version": "1.0.9",
      "resolved": "https://registry.npmjs.org/guid-typescript/-/guid-typescript-1.0.9.tgz",
      "integrity": "sha512-Y8T4vYhEfwJOTbouREvG+3XDsjr8E3kIr7uf+JZ0BYloFsttiHU0WfvANVsR7TxNUJa/WpCnw/Ino/p+DeBhBQ=="
    },
    "material-icons": {
      "version": "1.11.10",
      "resolved": "https://registry.npmjs.org/material-icons/-/material-icons-1.11.10.tgz",
      "integrity": "sha512-1nGlVYwH98BQGSoxHf1QCCDll6AmnkxuATjTHREvy8BSEc6EfRkvcsQwEmSgAY7qcKLV3Ip81u9YEiH/sjQgkg=="
    },
    "materialize-css": {
      "version": "1.0.0",
      "resolved": "https://registry.npmjs.org/materialize-css/-/materialize-css-1.0.0.tgz",
      "integrity": "sha512-4/oecXl8y/1i8RDZvyvwAICyqwNoKU4or5uf8uoAd74k76KzZ0Llym4zhJ5lLNUskcqjO0AuMcvNyDkpz8Z6zw=="
    },
    "parse5": {
      "version": "5.1.1",
      "resolved": "https://registry.npmjs.org/parse5/-/parse5-5.1.1.tgz",
      "integrity": "sha512-ugq4DFI0Ptb+WWjAdOK16+u/nHfiIrcE+sh8kZMaM0WllQKLI9rOUq6c2b7cwPkXdzfQESqvoqK6ug7U/Yyzug==",
      "optional": true,
      "peer": true
    },
    "rxjs": {
      "version": "7.5.6",
      "resolved": "https://registry.npmjs.org/rxjs/-/rxjs-7.5.6.tgz",
      "integrity": "sha512-dnyv2/YsXhnm461G+R/Pe5bWP41Nm6LBXEYWI6eiFP4fiwx6WRI/CD0zbdVAudd9xwLEF2IDcKXLHit0FYjUzw==",
      "peer": true,
      "requires": {
        "tslib": "^2.1.0"
      }
    },
    "tslib": {
      "version": "2.4.0",
      "resolved": "https://registry.npmjs.org/tslib/-/tslib-2.4.0.tgz",
      "integrity": "sha512-d6xOpEDfsi2CZVlPQzGeux8XMwLT9hssAsaPYExaQMuYskwb+x1x7J371tWlbBdWHroy99KnVB6qIkUbs5X3UQ=="
    },
    "zone.js": {
      "version": "0.11.8",
      "resolved": "https://registry.npmjs.org/zone.js/-/zone.js-0.11.8.tgz",
      "integrity": "sha512-82bctBg2hKcEJ21humWIkXRlLBBmrc3nN7DFh5LGGhcyycO2S7FN8NmdvlcKaGFDNVL4/9kFLmwmInTavdJERA==",
      "peer": true,
      "requires": {
        "tslib": "^2.3.0"
      }
    }
  }
}
